lockfileVersion: '9.0'

settings:
  autoInstallPeers: true
  excludeLinksFromLockfile: false

importers:

  .: {}

  packages/dsh-session-recap:
    dependencies:
      '@deepseek-ai/cordis':
        specifier: 4.0.2
        version: 4.0.2
      '@deepseek-ai/dsh-api-remotes':
        specifier: 0.1.2-rc.1
        version: 0.1.2-rc.1(@deepseek-ai/cordis@4.0.2)(@deepseek-ai/dsh-scope@0.1.2-rc.1(@deepseek-ai/cordis@4.0.2)(@deepseek-ai/dsh-invariants@0.1.2-rc.1(@deepseek-ai/cordis@4.0.2)))
      '@deepseek-ai/dsh-client-connection':
        specifier: 0.1.2-rc.1
        version: 0.1.2-rc.1(@deepseek-ai/cordis@4.0.2)(@deepseek-ai/dsh-invariants@0.1.2-rc.1(@deepseek-ai/cordis@4.0.2))
      '@deepseek-ai/dsh-client-ui-conversation':
        specifier: 0.1.2-rc.1
        version: 0.1.2-rc.1(@deepseek-ai/cordis@4.0.2)
      '@deepseek-ai/dsh-client-ui-settings-plugins':
        specifier: 0.1.2-rc.1
        version: 0.1.2-rc.1(@deepseek-ai/cordis@4.0.2)
      '@deepseek-ai/dsh-settings':
        specifier: 0.1.2-rc.1
        version: 0.1.2-rc.1(@deepseek-ai/cordis@4.0.2)(@deepseek-ai/dsh-brand@0.1.2-rc.1(@deepseek-ai/cordis@4.0.2))(@deepseek-ai/dsh-invariants@0.1.2-rc.1(@deepseek-ai/cordis@4.0.2))(@deepseek-ai/dsh-session@0.1.2-rc.1(@deepseek-ai/cordis@4.0.2)(@deepseek-ai/dsh-scope@0.1.2-rc.1(@deepseek-ai/cordis@4.0.2)(@deepseek-ai/dsh-invariants@0.1.2-rc.1(@deepseek-ai/cordis@4.0.2))))(@deepseek-ai/schemastery@3.18.2)
      '@deepseek-ai/schemastery':
        specifier: 3.18.2
        version: 3.18.2
      react:
        specifier: 18.3.1
        version: 18.3.1

packages:

  '@deepseek-ai/cordis@4.0.2':
    resolution: {integrity: sha512-asOnXP1TzFSFQlHb1iegDZp0z/8WD1c7YNrwJR/Tx2bzNuMXfcekE/I67Iv6SQXeLB4csxqCngzQKANP7gdw0g==}
    hasBin: true
    peerDependencies:
      '@deepseek-ai/cordis-plugin-include': ^1.0.7
      '@deepseek-ai/cordis-plugin-loader': ^1.0.3
    peerDependenciesMeta:
      '@deepseek-ai/cordis-plugin-include':
        optional: true
      '@deepseek-ai/cordis-plugin-loader':
        optional: true

  '@deepseek-ai/cosmokit@1.8.3':
    resolution: {integrity: sha512-qBo+ronVM6Eu2WNVJXi8JcMiqZ19T9BRIpV+5qJUFPXjGH/Z0QKcQMC/IZJ7L394YTOtJgcovbk9qP0w2GsBXQ==}

  '@deepseek-ai/dsh-api-remotes@0.1.2-rc.1':
    resolution: {integrity: sha512-brMHiYcOVt5nXeuiDz1jw6dTJbyZSl/sA4KeZ00vGmYDaIseO6Ujz33zRUjuLMqgvQU4xBFBYXKCU5TLgqlfrQ==}
    peerDependencies:
      '@deepseek-ai/cordis': ^4.0.2
      '@deepseek-ai/dsh-scope': ^0.1.2-rc.1

  '@deepseek-ai/dsh-brand@0.1.2-rc.1':
    resolution: {integrity: sha512-y2RHIag3kzLdY8kTBuSUSTsKzWPscJrysNObXTiNM7stXLpa3jXpshsB1caqGzNx50vYcmHeN1gFVECgx3NZHg==}
    peerDependencies:
      '@deepseek-ai/cordis': ^4.0.2

  '@deepseek-ai/dsh-client-connection@0.1.2-rc.1':
    resolution: {integrity: sha512-30g7JG+Z8bDj+ux+KsDfMSXPI6zXotMAFNCxI8O8mJiutJNlZxIL5LXQeDrJpVOW9MWWQkoMp+R+Dxzp5DNDSQ==}
    peerDependencies:
      '@deepseek-ai/cordis': ^4.0.2

  '@deepseek-ai/dsh-client-ui-conversation@0.1.2-rc.1':
    resolution: {integrity: sha512-PDrV7twPfmZE5TjdvdVVZMHOla36wCojRC8GJBUp1cdXsWUP+Omk10gxYbH1g5TQPdAWgSL+GktdjondSXMSNQ==}
    peerDependencies:
      '@deepseek-ai/cordis': ^4.0.2

  '@deepseek-ai/dsh-client-ui-settings-plugins@0.1.2-rc.1':
    resolution: {integrity: sha512-duv2kU94U2Kz3czBABCCz5yCm22gH3zUoPRyjhD9aykxbXUw7CaJuuv7PqedMdWB9JJT2MKpc/K2t7CkYqCeDg==}
    peerDependencies:
      '@deepseek-ai/cordis': ^4.0.2

  '@deepseek-ai/dsh-credentials@0.1.2-rc.1':
    resolution: {integrity: sha512-e7DGpuYQqiD4dOWGQeY/XAWPTjbax/MkrXBwsB8wBtNpoPiAKiLYgd+iFiQc66BGOlutSRFz31IKdbduqPbTxA==}
    peerDependencies:
      '@deepseek-ai/cordis': ^4.0.2
      '@deepseek-ai/dsh-invariants': ^0.1.2-rc.1

  '@deepseek-ai/dsh-deque@0.1.2-rc.1':
    resolution: {integrity: sha512-v2HL9e6NER5Yv8p3+8zls9YvhG3NeRRMVg0GZ/4VgOJcVDgZp14EYVVbheX9HzYlyiic41ciAf1T8Y2pkV41OQ==}
    peerDependencies:
      '@deepseek-ai/cordis': ^4.0.2

  '@deepseek-ai/dsh-invariants@0.1.2-rc.1':
    resolution: {integrity: sha512-zSjuFJYcEB94kPwn7SicqAV1dfVWZkjt1I8luDboxtjfp5CN6ziwJhLv3KaB+Dh9tgkyGY4mvo886W/HhE9L9g==}
    peerDependencies:
      '@deepseek-ai/cordis': ^4.0.2

  '@deepseek-ai/dsh-llm@0.1.2-rc.1':
    resolution: {integrity: sha512-7VYsha5AXsVLnsAwYJffWXz9bwUbElw8i5N8tlTSdai9Bupk3sMbsotzPf8ZbsuGAxQYErahMwQwgGEu4qZO6g==}
    peerDependencies:
      '@deepseek-ai/cordis': ^4.0.2

  '@deepseek-ai/dsh-scope@0.1.2-rc.1':
    resolution: {integrity: sha512-GHwbzWrGbmE0ZGzAZsXBudpyCM9ENCpXxlKODIaPFbIWhRePh6nH2jW47TAOqCIsPPedWC2p3w8Tx5WAa3I/2A==}
    peerDependencies:
      '@deepseek-ai/cordis': ^4.0.2
      '@deepseek-ai/dsh-invariants': ^0.1.2-rc.1

  '@deepseek-ai/dsh-session@0.1.2-rc.1':
    resolution: {integrity: sha512-jRGNPTbQcvIx1F2MVmmkoiHLgpC3Btqo1wkl/3JDLlOWRVWKOuaC+5fQiMrFPOYfno6YiX/c2UvmA0td8qB92w==}
    peerDependencies:
      '@deepseek-ai/cordis': ^4.0.2
      '@deepseek-ai/dsh-scope': ^0.1.2-rc.1

  '@deepseek-ai/dsh-settings@0.1.2-rc.1':
    resolution: {integrity: sha512-wMmJ2w5S6I7hgmgPppuAVemltEcTmAa8gvii7fk4T2KGVCuBYgig8xPwQ8Lp2ukLZSzzE6ZVCQxhdYZyJX/USA==}
    peerDependencies:
      '@deepseek-ai/cordis': ^4.0.2
      '@deepseek-ai/dsh-brand': ^0.1.2-rc.1
      '@deepseek-ai/dsh-invariants': ^0.1.2-rc.1
      '@deepseek-ai/dsh-session': ^0.1.2-rc.1
      '@deepseek-ai/schemastery': ^3.18.2

  '@deepseek-ai/dsh-timeout@0.1.2-rc.1':
    resolution: {integrity: sha512-llz11yxWeJB8suKCa6hRLjNBWVaPn3Fbd0XoBS0bkZLhPFzO1mDorx/XMca2GhI7XF9A86CURQcDt+aGjjvqJA==}
    peerDependencies:
      '@deepseek-ai/cordis': ^4.0.2

  '@deepseek-ai/dsh-typert-protocol@0.1.2-rc.1':
    resolution: {integrity: sha512-vBWD0NpriPd96ltbWaAw+iKeWFIEjiAcCWYtmqEcV1Ms+FaV02usjjm7LCmhSQhMZpBSBc7EZUX0spGlpjI1bA==}
    peerDependencies:
      '@deepseek-ai/cordis': ^4.0.2

  '@deepseek-ai/dsh-util-crypto@0.1.2-rc.1':
    resolution: {integrity: sha512-gE8FznQ1hkknw9QMrHNSlm3UEyRYuj3MLVvlJ6NyH1kmOsdjnbrVbSs+Pn72k2oIV4Fiyu3Umg0sLznUEcsiXw==}
    peerDependencies:
      '@deepseek-ai/cordis': ^4.0.2

  '@deepseek-ai/dsh-util-values@0.1.2-rc.1':
    resolution: {integrity: sha512-FQdgoK+KYVR0pBQb9fTsajvGb3gzUxEzJQEYnFOt+Qdwc4nkxJOPwJJdIvXuqvZaQ33DaOoqpnpcr2p5HpLu4g==}
    peerDependencies:
      '@deepseek-ai/cordis': ^4.0.2

  '@deepseek-ai/schemastery@3.18.2':
    resolution: {integrity: sha512-njDtZsznjYxok7KLLlHOPyuv2efdWVbSflAHgztSfbMsg+CVraEoRe2DjOCgClYv3ZCSm7WXoaUkbB/+RY7tWQ==}

  '@lexical/clipboard@0.49.0':
    resolution: {integrity: sha512-AVKj21xH1qU7JAFA/v0hCoafa+Yti1I7cHG+JQIgc/EqCtP8ePeJyIfTPNN/tXskoCdq++HewQoiSXRwwlocVg==}
    peerDependencies:
      typescript: '>=5.2'
    peerDependenciesMeta:
      typescript:
        optional: true

  '@lexical/dragon@0.49.0':
    resolution: {integrity: sha512-62/4DP5qyX/l4Yf5qRyyQrs9BV725eRU3OmLUW6g7T5xrcHXxAo7tia/NvqjqvXdpvQzyHjWgsy7dMitGITUsw==}
    peerDependencies:
      typescript: '>=5.2'
    peerDependenciesMeta:
      typescript:
        optional: true

  '@lexical/extension@0.49.0':
    resolution: {integrity: sha512-Wv0VsuqxorbxHCK4ms1PwAu6cXIGNLtflq66auF+zwxOtBprkSFV8VzzzdKLOYD2admP0VK6EqVCeGXFK1GggA==}
    peerDependencies:
      typescript: '>=5.2'
    peerDependenciesMeta:
      typescript:
        optional: true

  '@lexical/history@0.49.0':
    resolution: {integrity: sha512-uQdtEd34gIJklXNSdHS2Wko1zxx1xUMVXbiodcLO6a3GeFTE5bKnx6af1zGX78KpYhUQYnHWorKuUvtdZlJPaA==}
    peerDependencies:
      typescript: '>=5.2'
    peerDependenciesMeta:
      typescript:
        optional: true

  '@lexical/html@0.49.0':
    resolution: {integrity: sha512-NQqAydKzRjQl7Jx+bTTyC2iuz5uhuDaQX0SSPrdfgaFDCPjqQEejcBkCt1QXnu1CkbVHutZKVGVzljx40Y6y+Q==}
    peerDependencies:
      typescript: '>=5.2'
    peerDependenciesMeta:
      typescript:
        optional: true

  '@lexical/internal@0.49.0':
    resolution: {integrity: sha512-s+XjPC7Qb39A/Xx9ahcz1s69CPix4ultaqyW+MDG0AXYW2quDr7m0USqReKIAiuoLIWtGN5HW8BwV2Y6t4qr6Q==}
    peerDependencies:
      typescript: '>=5.2'
    peerDependenciesMeta:
      typescript:
        optional: true

  '@lexical/list@0.49.0':
    resolution: {integrity: sha512-zs6wYkxakDRcJO0KmwrPPHgeLLIxzjD+P2CRu+scJCHRuA5e2iSw2iFjH5n/LlWBrlnPMSjeQse4QqsRy9nnqA==}
    peerDependencies:
      typescript: '>=5.2'
    peerDependenciesMeta:
      typescript:
        optional: true

  '@lexical/plain-text@0.49.0':
    resolution: {integrity: sha512-l7IuUj9n9CtFfz4Fz6zU6mmO+VkcnvyyebABx+lHevvTa7B6YI5PPVgABFfzdyPanyW/FGs7qpKBf59inAqbkg==}
    peerDependencies:
      typescript: '>=5.2'
    peerDependenciesMeta:
      typescript:
        optional: true

  '@lexical/selection@0.49.0':
    resolution: {integrity: sha512-08Vd1+VoC6YnztWOFWVsqF/Hxw5EP8qeL1c7t3+rVCV8revLzXxdQw+vbPX3tgM4fmjOBDUXk6Ws1+rTtsqjcQ==}
    peerDependencies:
      typescript: '>=5.2'
    peerDependenciesMeta:
      typescript:
        optional: true

  '@lexical/text@0.49.0':
    resolution: {integrity: sha512-mowedvbvx0HDaW+ymVdYmWVhueqgauhhqIWaCtbJj33tPk8pOu1BB0pZuJQbOB+1bDnFiZhkJV8W/CvR2M9lEA==}
    peerDependencies:
      typescript: '>=5.2'
    peerDependenciesMeta:
      typescript:
        optional: true

  '@lexical/utils@0.49.0':
    resolution: {integrity: sha512-Jaa6DERBqxiFOFa49VPRV1WOb7mzRbMZ5U+v+RFagjzTmBhfxDmEkbQQ9nYTU3n3DPfdT8Hkyffextmw04etXg==}
    peerDependencies:
      typescript: '>=5.2'
    peerDependenciesMeta:
      typescript:
        optional: true

  '@preact/signals-core@1.14.4':
    resolution: {integrity: sha512-HNB6HYeYKhQbJ1aKl+YRjrS4+QWHLKX6qKoUsfS/m0vqzsVaEBiZiaKbG/e+NKk2ch5ALQr/ihWaMHxiCuuWHA==}

  '@standard-schema/spec@1.1.0':
    resolution: {integrity: sha512-l2aFy5jALhniG5HgqrD6jXLi/rUWrKvqN/qJx6yoJsgKhblVd+iqqU4RCXavm/jPityDo5TCvKMnpjKnOriy0w==}

  '@types/trusted-types@2.0.7':
    resolution: {integrity: sha512-ScaPdn1dQczgbl0QFTeTOmVHFULt394XJgOQNoyVhZ6r2vLnMLJfBPd53SB52T/3G36VI1/g2MZaX0cwDuXsfw==}

  clsx@2.1.1:
    resolution: {integrity: sha512-eYm0QWBtUrBWZWG0d386OGAw16Z995PiOVo2B7bjWSbHedGl5e0ZWaq65kOGgUSNesEIDkB9ISbTg/JK9dhCZA==}
    engines: {node: '>=6'}

  js-tokens@4.0.0:
    resolution: {integrity: sha512-RdJUflcE3cUzKiMqQgsCu06FPu9UdIJO0beYbPhHN4k6apgJtifcoCtT9bcxOpYBtpD2kCM6Sbzg4CausW/PKQ==}

  lexical@0.49.0:
    resolution: {integrity: sha512-9V1ZIzGpJEd8rIN+nN7veL4fW4fFWbS66Un4JNqSZB4D5t9euzN9+3+jEXy83FjNjNy0MiiUI3+DQaGCLYko0w==}
    peerDependencies:
      typescript: '>=5.2'
    peerDependenciesMeta:
      typescript:
        optional: true

  loose-envify@1.4.0:
    resolution: {integrity: sha512-lyuxPGr/Wfhrlem2CL/UcnUc1zcqKAImBDzukY7Y5F/yQiNdko6+fRLevlw1HgMySw7f611UIY408EtxRSoK3Q==}
    hasBin: true

  react@18.3.1:
    resolution: {integrity: sha512-wS+hAgJShR0KhEvPJArfuPVN1+Hz1t0Y6n5jLrGQbkb4urgPE/0Rve+1kMB1v/oWgHgm4WIcV+i7F2pTVj+2iQ==}
    engines: {node: '>=0.10.0'}

  zod@4.5.4:
    resolution: {integrity: sha512-sC95tT5iHHH9gtpj6A81kh+NEaRAUFN+qlUPDUbRfOMvNf5QCBqsb3WgvnpVtK5Y+4UfA6KqufotuTvMGiTlsA==}

snapshots:

  '@deepseek-ai/cordis@4.0.2':
    dependencies:
      '@deepseek-ai/cosmokit': 1.8.3
      '@standard-schema/spec': 1.1.0

  '@deepseek-ai/cosmokit@1.8.3': {}

  '@deepseek-ai/dsh-api-remotes@0.1.2-rc.1(@deepseek-ai/cordis@4.0.2)(@deepseek-ai/dsh-scope@0.1.2-rc.1(@deepseek-ai/cordis@4.0.2)(@deepseek-ai/dsh-invariants@0.1.2-rc.1(@deepseek-ai/cordis@4.0.2)))':
    dependencies:
      '@deepseek-ai/cordis': 4.0.2
      '@deepseek-ai/dsh-deque': 0.1.2-rc.1(@deepseek-ai/cordis@4.0.2)
      '@deepseek-ai/dsh-scope': 0.1.2-rc.1(@deepseek-ai/cordis@4.0.2)(@deepseek-ai/dsh-invariants@0.1.2-rc.1(@deepseek-ai/cordis@4.0.2))
      '@deepseek-ai/dsh-session': 0.1.2-rc.1(@deepseek-ai/cordis@4.0.2)(@deepseek-ai/dsh-scope@0.1.2-rc.1(@deepseek-ai/cordis@4.0.2)(@deepseek-ai/dsh-invariants@0.1.2-rc.1(@deepseek-ai/cordis@4.0.2)))
      '@deepseek-ai/dsh-util-values': 0.1.2-rc.1(@deepseek-ai/cordis@4.0.2)

  '@deepseek-ai/dsh-brand@0.1.2-rc.1(@deepseek-ai/cordis@4.0.2)':
    dependencies:
      '@deepseek-ai/cordis': 4.0.2

  '@deepseek-ai/dsh-client-connection@0.1.2-rc.1(@deepseek-ai/cordis@4.0.2)(@deepseek-ai/dsh-invariants@0.1.2-rc.1(@deepseek-ai/cordis@4.0.2))':
    dependencies:
      '@deepseek-ai/cordis': 4.0.2
      '@deepseek-ai/dsh-credentials': 0.1.2-rc.1(@deepseek-ai/cordis@4.0.2)(@deepseek-ai/dsh-invariants@0.1.2-rc.1(@deepseek-ai/cordis@4.0.2))
      '@deepseek-ai/schemastery': 3.18.2
      zod: 4.5.4
    transitivePeerDependencies:
      - '@deepseek-ai/dsh-invariants'

  '@deepseek-ai/dsh-client-ui-conversation@0.1.2-rc.1(@deepseek-ai/cordis@4.0.2)':
    dependencies:
      '@deepseek-ai/cordis': 4.0.2
      '@deepseek-ai/schemastery': 3.18.2
      '@lexical/history': 0.49.0
      '@lexical/plain-text': 0.49.0
      '@lexical/text': 0.49.0
      '@lexical/utils': 0.49.0
      clsx: 2.1.1
      lexical: 0.49.0
    transitivePeerDependencies:
      - typescript

  '@deepseek-ai/dsh-client-ui-settings-plugins@0.1.2-rc.1(@deepseek-ai/cordis@4.0.2)':
    dependencies:
      '@deepseek-ai/cordis': 4.0.2
      clsx: 2.1.1

  '@deepseek-ai/dsh-credentials@0.1.2-rc.1(@deepseek-ai/cordis@4.0.2)(@deepseek-ai/dsh-invariants@0.1.2-rc.1(@deepseek-ai/cordis@4.0.2))':
    dependencies:
      '@deepseek-ai/cordis': 4.0.2
      '@deepseek-ai/dsh-brand': 0.1.2-rc.1(@deepseek-ai/cordis@4.0.2)
      '@deepseek-ai/dsh-invariants': 0.1.2-rc.1(@deepseek-ai/cordis@4.0.2)

  '@deepseek-ai/dsh-deque@0.1.2-rc.1(@deepseek-ai/cordis@4.0.2)':
    dependencies:
      '@deepseek-ai/cordis': 4.0.2

  '@deepseek-ai/dsh-invariants@0.1.2-rc.1(@deepseek-ai/cordis@4.0.2)':
    dependencies:
      '@deepseek-ai/cordis': 4.0.2
      '@deepseek-ai/schemastery': 3.18.2

  '@deepseek-ai/dsh-llm@0.1.2-rc.1(@deepseek-ai/cordis@4.0.2)':
    dependencies:
      '@deepseek-ai/cordis': 4.0.2
      '@deepseek-ai/dsh-brand': 0.1.2-rc.1(@deepseek-ai/cordis@4.0.2)
      '@deepseek-ai/dsh-timeout': 0.1.2-rc.1(@deepseek-ai/cordis@4.0.2)
      '@deepseek-ai/dsh-typert-protocol': 0.1.2-rc.1(@deepseek-ai/cordis@4.0.2)
      '@deepseek-ai/dsh-util-crypto': 0.1.2-rc.1(@deepseek-ai/cordis@4.0.2)
      '@deepseek-ai/dsh-util-values': 0.1.2-rc.1(@deepseek-ai/cordis@4.0.2)
      '@deepseek-ai/schemastery': 3.18.2
      zod: 4.5.4

  '@deepseek-ai/dsh-scope@0.1.2-rc.1(@deepseek-ai/cordis@4.0.2)(@deepseek-ai/dsh-invariants@0.1.2-rc.1(@deepseek-ai/cordis@4.0.2))':
    dependencies:
      '@deepseek-ai/cordis': 4.0.2
      '@deepseek-ai/dsh-invariants': 0.1.2-rc.1(@deepseek-ai/cordis@4.0.2)

  '@deepseek-ai/dsh-session@0.1.2-rc.1(@deepseek-ai/cordis@4.0.2)(@deepseek-ai/dsh-scope@0.1.2-rc.1(@deepseek-ai/cordis@4.0.2)(@deepseek-ai/dsh-invariants@0.1.2-rc.1(@deepseek-ai/cordis@4.0.2)))':
    dependencies:
      '@deepseek-ai/cordis': 4.0.2
      '@deepseek-ai/dsh-brand': 0.1.2-rc.1(@deepseek-ai/cordis@4.0.2)
      '@deepseek-ai/dsh-llm': 0.1.2-rc.1(@deepseek-ai/cordis@4.0.2)
      '@deepseek-ai/dsh-scope': 0.1.2-rc.1(@deepseek-ai/cordis@4.0.2)(@deepseek-ai/dsh-invariants@0.1.2-rc.1(@deepseek-ai/cordis@4.0.2))
      '@deepseek-ai/dsh-util-values': 0.1.2-rc.1(@deepseek-ai/cordis@4.0.2)

  '@deepseek-ai/dsh-settings@0.1.2-rc.1(@deepseek-ai/cordis@4.0.2)(@deepseek-ai/dsh-brand@0.1.2-rc.1(@deepseek-ai/cordis@4.0.2))(@deepseek-ai/dsh-invariants@0.1.2-rc.1(@deepseek-ai/cordis@4.0.2))(@deepseek-ai/dsh-session@0.1.2-rc.1(@deepseek-ai/cordis@4.0.2)(@deepseek-ai/dsh-scope@0.1.2-rc.1(@deepseek-ai/cordis@4.0.2)(@deepseek-ai/dsh-invariants@0.1.2-rc.1(@deepseek-ai/cordis@4.0.2))))(@deepseek-ai/schemastery@3.18.2)':
    dependencies:
      '@deepseek-ai/cordis': 4.0.2
      '@deepseek-ai/dsh-brand': 0.1.2-rc.1(@deepseek-ai/cordis@4.0.2)
      '@deepseek-ai/dsh-invariants': 0.1.2-rc.1(@deepseek-ai/cordis@4.0.2)
      '@deepseek-ai/dsh-session': 0.1.2-rc.1(@deepseek-ai/cordis@4.0.2)(@deepseek-ai/dsh-scope@0.1.2-rc.1(@deepseek-ai/cordis@4.0.2)(@deepseek-ai/dsh-invariants@0.1.2-rc.1(@deepseek-ai/cordis@4.0.2)))
      '@deepseek-ai/dsh-util-values': 0.1.2-rc.1(@deepseek-ai/cordis@4.0.2)
      '@deepseek-ai/schemastery': 3.18.2

  '@deepseek-ai/dsh-timeout@0.1.2-rc.1(@deepseek-ai/cordis@4.0.2)':
    dependencies:
      '@deepseek-ai/cordis': 4.0.2

  '@deepseek-ai/dsh-typert-protocol@0.1.2-rc.1(@deepseek-ai/cordis@4.0.2)':
    dependencies:
      '@deepseek-ai/cordis': 4.0.2

  '@deepseek-ai/dsh-util-crypto@0.1.2-rc.1(@deepseek-ai/cordis@4.0.2)':
    dependencies:
      '@deepseek-ai/cordis': 4.0.2

  '@deepseek-ai/dsh-util-values@0.1.2-rc.1(@deepseek-ai/cordis@4.0.2)':
    dependencies:
      '@deepseek-ai/cordis': 4.0.2

  '@deepseek-ai/schemastery@3.18.2':
    dependencies:
      '@deepseek-ai/cosmokit': 1.8.3
      '@standard-schema/spec': 1.1.0

  '@lexical/clipboard@0.49.0':
    dependencies:
      '@lexical/extension': 0.49.0
      '@lexical/html': 0.49.0
      '@lexical/internal': 0.49.0
      '@lexical/list': 0.49.0
      '@lexical/selection': 0.49.0
      '@lexical/utils': 0.49.0
      '@types/trusted-types': 2.0.7
      lexical: 0.49.0

  '@lexical/dragon@0.49.0':
    dependencies:
      '@lexical/extension': 0.49.0
      lexical: 0.49.0

  '@lexical/extension@0.49.0':
    dependencies:
      '@lexical/internal': 0.49.0
      '@lexical/utils': 0.49.0
      '@preact/signals-core': 1.14.4
      lexical: 0.49.0

  '@lexical/history@0.49.0':
    dependencies:
      '@lexical/extension': 0.49.0
      '@lexical/utils': 0.49.0
      lexical: 0.49.0

  '@lexical/html@0.49.0':
    dependencies:
      '@lexical/extension': 0.49.0
      '@lexical/internal': 0.49.0
      '@lexical/selection': 0.49.0
      '@lexical/utils': 0.49.0
      lexical: 0.49.0

  '@lexical/internal@0.49.0': {}

  '@lexical/list@0.49.0':
    dependencies:
      '@lexical/extension': 0.49.0
      '@lexical/html': 0.49.0
      '@lexical/internal': 0.49.0
      '@lexical/utils': 0.49.0
      lexical: 0.49.0

  '@lexical/plain-text@0.49.0':
    dependencies:
      '@lexical/clipboard': 0.49.0
      '@lexical/dragon': 0.49.0
      '@lexical/extension': 0.49.0
      '@lexical/selection': 0.49.0
      '@lexical/utils': 0.49.0
      lexical: 0.49.0

  '@lexical/selection@0.49.0':
    dependencies:
      '@lexical/internal': 0.49.0
      lexical: 0.49.0

  '@lexical/text@0.49.0':
    dependencies:
      '@lexical/internal': 0.49.0
      lexical: 0.49.0

  '@lexical/utils@0.49.0':
    dependencies:
      '@lexical/internal': 0.49.0
      '@lexical/selection': 0.49.0
      lexical: 0.49.0

  '@preact/signals-core@1.14.4': {}

  '@standard-schema/spec@1.1.0': {}

  '@types/trusted-types@2.0.7': {}

  clsx@2.1.1: {}

  js-tokens@4.0.0: {}

  lexical@0.49.0:
    dependencies:
      '@lexical/internal': 0.49.0

  loose-envify@1.4.0:
    dependencies:
      js-tokens: 4.0.0

  react@18.3.1:
    dependencies:
      loose-envify: 1.4.0

  zod@4.5.4: {}
